// !$*UTF8*$!
{
	archiveVersion = 1;
	classes = {
	};
	objectVersion = 56;
	objects = {

/* Begin PBXBuildFile section */
		6473E9C92A745D3600ABD13D /* StockAppApp.swift in Sources */ = {isa = PBXBuildFile; fileRef = 6473E9C82A745D3600ABD13D /* StockAppApp.swift */; };
		6473E9CB2A745D3700ABD13D /* ContentView.swift in Sources */ = {isa = PBXBuildFile; fileRef = 6473E9CA2A745D3700ABD13D /* ContentView.swift */; };
		6473E9CD2A745D3B00ABD13D /* Assets.xcassets in Resources */ = {isa = PBXBuildFile; fileRef = 6473E9CC2A745D3B00ABD13D /* Assets.xcassets */; };
		6473E9D02A745D3B00ABD13D /* Preview Assets.xcassets in Resources */ = {isa = PBXBuildFile; fileRef = 6473E9CF2A745D3B00ABD13D /* Preview Assets.xcassets */; };
		6473E9DA2A745D3B00ABD13D /* StockAppTests.swift in Sources */ = {isa = PBXBuildFile; fileRef = 6473E9D92A745D3B00ABD13D /* StockAppTests.swift */; };
		6473E9E42A745D3C00ABD13D /* StockAppUITests.swift in Sources */ = {isa = PBXBuildFile; fileRef = 6473E9E32A745D3C00ABD13D /* StockAppUITests.swift */; };
		6473E9E62A745D3C00ABD13D /* StockAppUITestsLaunchTests.swift in Sources */ = {isa = PBXBuildFile; fileRef = 6473E9E52A745D3C00ABD13D /* StockAppUITestsLaunchTests.swift */; };
		6473E9F42A745DAC00ABD13D /* Stock.swift in Sources */ = {isa = PBXBuildFile; fileRef = 6473E9F32A745DAC00ABD13D /* Stock.swift */; };
		6473E9F62A745DDA00ABD13D /* StockServer.swift in Sources */ = {isa = PBXBuildFile; fileRef = 6473E9F52A745DDA00ABD13D /* StockServer.swift */; };
		6473E9F92A745E1100ABD13D /* APIError.swift in Sources */ = {isa = PBXBuildFile; fileRef = 6473E9F82A745E1100ABD13D /* APIError.swift */; };
		6473E9FC2A745E8900ABD13D /* StockServerModel.swift in Sources */ = {isa = PBXBuildFile; fileRef = 6473E9FB2A745E8900ABD13D /* StockServerModel.swift */; };
		6473E9FF2A745EC400ABD13D /* FirstPageView.swift in Sources */ = {isa = PBXBuildFile; fileRef = 6473E9FE2A745EC400ABD13D /* FirstPageView.swift */; };
		6473EA012A745F8A00ABD13D /* SecondPageView.swift in Sources */ = {isa = PBXBuildFile; fileRef = 6473EA002A745F8A00ABD13D /* SecondPageView.swift */; };
		6473EA032A7460DF00ABD13D /* getStockAppSuccess.json in Resources */ = {isa = PBXBuildFile; fileRef = 6473EA022A7460DE00ABD13D /* getStockAppSuccess.json */; };
		6473EA052A7462B300ABD13D /* getStockAppFail.json in Resources */ = {isa = PBXBuildFile; fileRef = 6473EA042A7462B300ABD13D /* getStockAppFail.json */; };
		6473EA072A7468A300ABD13D /* LoadingView.swift in Sources */ = {isa = PBXBuildFile; fileRef = 6473EA062A7468A300ABD13D /* LoadingView.swift */; };
		6473EA092A746A8700ABD13D /* EmptyJsonView.swift in Sources */ = {isa = PBXBuildFile; fileRef = 6473EA082A746A8700ABD13D /* EmptyJsonView.swift */; };
		6473EA0B2A746D8200ABD13D /* DecodingErrorView.swift in Sources */ = {isa = PBXBuildFile; fileRef = 6473EA0A2A746D8200ABD13D /* DecodingErrorView.swift */; };
		64A5885A2A74AB87006154AC /* FirstPageFooterView.swift in Sources */ = {isa = PBXBuildFile; fileRef = 64A588592A74AB87006154AC /* FirstPageFooterView.swift */; };
		64A5885C2A74AFEE006154AC /* FirstPageHeaderView.swift in Sources */ = {isa = PBXBuildFile; fileRef = 64A5885B2A74AFEE006154AC /* FirstPageHeaderView.swift */; };
/* End PBXBuildFile section */

/* Begin PBXContainerItemProxy section */
		6473E9D62A745D3B00ABD13D /* PBXContainerItemProxy */ = {
			isa = PBXContainerItemProxy;
			containerPortal = 6473E9BD2A745D3600ABD13D /* Project object */;
			proxyType = 1;
			remoteGlobalIDString = 6473E9C42A745D3600ABD13D;
			remoteInfo = StockApp;
		};
		6473E9E02A745D3C00ABD13D /* PBXContainerItemProxy */ = {
			isa = PBXContainerItemProxy;
			containerPortal = 6473E9BD2A745D3600ABD13D /* Project object */;
			proxyType = 1;
			remoteGlobalIDString = 6473E9C42A745D3600ABD13D;
			remoteInfo = StockApp;
		};
/* End PBXContainerItemProxy section */

/* Begin PBXFileReference section */
		6473E9C52A745D3600ABD13D /* StockApp.app */ = {isa = PBXFileReference; explicitFileType = wrapper.application; includeInIndex = 0; path = StockApp.app; sourceTree = BUILT_PRODUCTS_DIR; };
		6473E9C82A745D3600ABD13D /* StockAppApp.swift */ = {isa = PBXFileReference; lastKnownFileType = sourcecode.swift; path = StockAppApp.swift; sourceTree = "<group>"; };
		6473E9CA2A745D3700ABD13D /* ContentView.swift */ = {isa = PBXFileReference; lastKnownFileType = sourcecode.swift; path = ContentView.swift; sourceTree = "<group>"; };
		6473E9CC2A745D3B00ABD13D /* Assets.xcassets */ = {isa = PBXFileReference; lastKnownFileType = folder.assetcatalog; path = Assets.xcassets; sourceTree = "<group>"; };
		6473E9CF2A745D3B00ABD13D /* Preview Assets.xcassets */ = {isa = PBXFileReference; lastKnownFileType = folder.assetcatalog; path = "Preview Assets.xcassets"; sourceTree = "<group>"; };
		6473E9D52A745D3B00ABD13D /* StockAppTests.xctest */ = {isa = PBXFileReference; explicitFileType = wrapper.cfbundle; includeInIndex = 0; path = StockAppTests.xctest; sourceTree = BUILT_PRODUCTS_DIR; };
		6473E9D92A745D3B00ABD13D /* StockAppTests.swift */ = {isa = PBXFileReference; lastKnownFileType = sourcecode.swift; path = StockAppTests.swift; sourceTree = "<group>"; };
		6473E9DF2A745D3C00ABD13D /* StockAppUITests.xctest */ = {isa = PBXFileReference; explicitFileType = wrapper.cfbundle; includeInIndex = 0; path = StockAppUITests.xctest; sourceTree = BUILT_PRODUCTS_DIR; };
		6473E9E32A745D3C00ABD13D /* StockAppUITests.swift */ = {isa = PBXFileReference; lastKnownFileType = sourcecode.swift; path = StockAppUITests.swift; sourceTree = "<group>"; };
		6473E9E52A745D3C00ABD13D /* StockAppUITestsLaunchTests.swift */ = {isa = PBXFileReference; lastKnownFileType = sourcecode.swift; path = StockAppUITestsLaunchTests.swift; sourceTree = "<group>"; };
		6473E9F32A745DAC00ABD13D /* Stock.swift */ = {isa = PBXFileReference; lastKnownFileType = sourcecode.swift; path = Stock.swift; sourceTree = "<group>"; };
		6473E9F52A745DDA00ABD13D /* StockServer.swift */ = {isa = PBXFileReference; lastKnownFileType = sourcecode.swift; path = StockServer.swift; sourceTree = "<group>"; };
		6473E9F82A745E1100ABD13D /* APIError.swift */ = {isa = PBXFileReference; lastKnownFileType = sourcecode.swift; path = APIError.swift; sourceTree = "<group>"; };
		6473E9FB2A745E8900ABD13D /* StockServerModel.swift */ = {isa = PBXFileReference; lastKnownFileType = sourcecode.swift; path = StockServerModel.swift; sourceTree = "<group>"; };
		6473E9FE2A745EC400ABD13D /* FirstPageView.swift */ = {isa = PBXFileReference; lastKnownFileType = sourcecode.swift; path = FirstPageView.swift; sourceTree = "<group>"; };
		6473EA002A745F8A00ABD13D /* SecondPageView.swift */ = {isa = PBXFileReference; lastKnownFileType = sourcecode.swift; path = SecondPageView.swift; sourceTree = "<group>"; };
		6473EA022A7460DE00ABD13D /* getStockAppSuccess.json */ = {isa = PBXFileReference; lastKnownFileType = text.json; path = getStockAppSuccess.json; sourceTree = "<group>"; };
		6473EA042A7462B300ABD13D /* getStockAppFail.json */ = {isa = PBXFileReference; lastKnownFileType = text.json; path = getStockAppFail.json; sourceTree = "<group>"; };
		6473EA062A7468A300ABD13D /* LoadingView.swift */ = {isa = PBXFileReference; lastKnownFileType = sourcecode.swift; path = LoadingView.swift; sourceTree = "<group>"; };
		6473EA082A746A8700ABD13D /* EmptyJsonView.swift */ = {isa = PBXFileReference; lastKnownFileType = sourcecode.swift; path = EmptyJsonView.swift; sourceTree = "<group>"; };
		6473EA0A2A746D8200ABD13D /* DecodingErrorView.swift */ = {isa = PBXFileReference; lastKnownFileType = sourcecode.swift; path = DecodingErrorView.swift; sourceTree = "<group>"; };
		64A588592A74AB87006154AC /* FirstPageFooterView.swift */ = {isa = PBXFileReference; lastKnownFileType = sourcecode.swift; path = FirstPageFooterView.swift; sourceTree = "<group>"; };
		64A5885B2A74AFEE006154AC /* FirstPageHeaderView.swift */ = {isa = PBXFileReference; lastKnownFileType = sourcecode.swift; path = FirstPageHeaderView.swift; sourceTree = "<group>"; };
/* End PBXFileReference section */

/* Begin PBXFrameworksBuildPhase section */
		6473E9C22A745D3600ABD13D /* Frameworks */ = {
			isa = PBXFrameworksBuildPhase;
			buildActionMask = 2147483647;
			files = (
			);
			runOnlyForDeploymentPostprocessing = 0;
		};
		6473E9D22A745D3B00ABD13D /* Frameworks */ = {
			isa = PBXFrameworksBuildPhase;
			buildActionMask = 2147483647;
			files = (
			);
			runOnlyForDeploymentPostprocessing = 0;
		};
		6473E9DC2A745D3C00ABD13D /* Frameworks */ = {
			isa = PBXFrameworksBuildPhase;
			buildActionMask = 2147483647;
			files = (
			);
			runOnlyForDeploymentPostprocessing = 0;
		};
/* End PBXFrameworksBuildPhase section */

/* Begin PBXGroup section */
		6473E9BC2A745D3600ABD13D = {
			isa = PBXGroup;
			children = (
				6473E9C72A745D3600ABD13D /* StockApp */,
				6473E9D82A745D3B00ABD13D /* StockAppTests */,
				6473E9E22A745D3C00ABD13D /* StockAppUITests */,
				6473E9C62A745D3600ABD13D /* Products */,
			);
			sourceTree = "<group>";
		};
		6473E9C62A745D3600ABD13D /* Products */ = {
			isa = PBXGroup;
			children = (
				6473E9C52A745D3600ABD13D /* StockApp.app */,
				6473E9D52A745D3B00ABD13D /* StockAppTests.xctest */,
				6473E9DF2A745D3C00ABD13D /* StockAppUITests.xctest */,
			);
			name = Products;
			sourceTree = "<group>";
		};
		6473E9C72A745D3600ABD13D /* StockApp */ = {
			isa = PBXGroup;
			children = (
				6473E9FD2A745EA600ABD13D /* View */,
				6473E9FA2A745E6500ABD13D /* ViewModel */,
				6473E9F72A745DFE00ABD13D /* Common */,
				6473E9F22A745D9600ABD13D /* Model */,
				6473E9C82A745D3600ABD13D /* StockAppApp.swift */,
				6473E9CA2A745D3700ABD13D /* ContentView.swift */,
				6473E9CC2A745D3B00ABD13D /* Assets.xcassets */,
				6473E9CE2A745D3B00ABD13D /* Preview Content */,
			);
			path = StockApp;
			sourceTree = "<group>";
		};
		6473E9CE2A745D3B00ABD13D /* Preview Content */ = {
			isa = PBXGroup;
			children = (
				6473E9CF2A745D3B00ABD13D /* Preview Assets.xcassets */,
			);
			path = "Preview Content";
			sourceTree = "<group>";
		};
		6473E9D82A745D3B00ABD13D /* StockAppTests */ = {
			isa = PBXGroup;
			children = (
				6473E9D92A745D3B00ABD13D /* StockAppTests.swift */,
				6473EA022A7460DE00ABD13D /* getStockAppSuccess.json */,
				6473EA042A7462B300ABD13D /* getStockAppFail.json */,
			);
			path = StockAppTests;
			sourceTree = "<group>";
		};
		6473E9E22A745D3C00ABD13D /* StockAppUITests */ = {
			isa = PBXGroup;
			children = (
				6473E9E32A745D3C00ABD13D /* StockAppUITests.swift */,
				6473E9E52A745D3C00ABD13D /* StockAppUITestsLaunchTests.swift */,
			);
			path = StockAppUITests;
			sourceTree = "<group>";
		};
		6473E9F22A745D9600ABD13D /* Model */ = {
			isa = PBXGroup;
			children = (
				6473E9F32A745DAC00ABD13D /* Stock.swift */,
				6473E9F52A745DDA00ABD13D /* StockServer.swift */,
			);
			path = Model;
			sourceTree = "<group>";
		};
		6473E9F72A745DFE00ABD13D /* Common */ = {
			isa = PBXGroup;
			children = (
				6473E9F82A745E1100ABD13D /* APIError.swift */,
			);
			path = Common;
			sourceTree = "<group>";
		};
		6473E9FA2A745E6500ABD13D /* ViewModel */ = {
			isa = PBXGroup;
			children = (
				6473E9FB2A745E8900ABD13D /* StockServerModel.swift */,
			);
			path = ViewModel;
			sourceTree = "<group>";
		};
		6473E9FD2A745EA600ABD13D /* View */ = {
			isa = PBXGroup;
			children = (
				6473EA0C2A746D8700ABD13D /* ErrorView */,
				6473E9FE2A745EC400ABD13D /* FirstPageView.swift */,
				6473EA002A745F8A00ABD13D /* SecondPageView.swift */,
				64A588592A74AB87006154AC /* FirstPageFooterView.swift */,
				64A5885B2A74AFEE006154AC /* FirstPageHeaderView.swift */,
			);
			path = View;
			sourceTree = "<group>";
		};
		6473EA0C2A746D8700ABD13D /* ErrorView */ = {
			isa = PBXGroup;
			children = (
				6473EA062A7468A300ABD13D /* LoadingView.swift */,
				6473EA082A746A8700ABD13D /* EmptyJsonView.swift */,
				6473EA0A2A746D8200ABD13D /* DecodingErrorView.swift */,
			);
			path = ErrorView;
			sourceTree = "<group>";
		};
/* End PBXGroup section */

/* Begin PBXNativeTarget section */
		6473E9C42A745D3600ABD13D /* StockApp */ = {
			isa = PBXNativeTarget;
			buildConfigurationList = 6473E9E92A745D3C00ABD13D /* Build configuration list for PBXNativeTarget "StockApp" */;
			buildPhases = (
				6473E9C12A745D3600ABD13D /* Sources */,
				6473E9C22A745D3600ABD13D /* Frameworks */,
				6473E9C32A745D3600ABD13D /* Resources */,
			);
			buildRules = (
			);
			dependencies = (
			);
			name = StockApp;
			productName = StockApp;
			productReference = 6473E9C52A745D3600ABD13D /* StockApp.app */;
			productType = "com.apple.product-type.application";
		};
		6473E9D42A745D3B00ABD13D /* StockAppTests */ = {
			isa = PBXNativeTarget;
			buildConfigurationList = 6473E9EC2A745D3C00ABD13D /* Build configuration list for PBXNativeTarget "StockAppTests" */;
			buildPhases = (
				6473E9D12A745D3B00ABD13D /* Sources */,
				6473E9D22A745D3B00ABD13D /* Frameworks */,
				6473E9D32A745D3B00ABD13D /* Resources */,
			);
			buildRules = (
			);
			dependencies = (
				6473E9D72A745D3B00ABD13D /* PBXTargetDependency */,
			);
			name = StockAppTests;
			productName = StockAppTests;
			productReference = 6473E9D52A745D3B00ABD13D /* StockAppTests.xctest */;
			productType = "com.apple.product-type.bundle.unit-test";
		};
		6473E9DE2A745D3C00ABD13D /* StockAppUITests */ = {
			isa = PBXNativeTarget;
			buildConfigurationList = 6473E9EF2A745D3C00ABD13D /* Build configuration list for PBXNativeTarget "StockAppUITests" */;
			buildPhases = (
				6473E9DB2A745D3C00ABD13D /* Sources */,
				6473E9DC2A745D3C00ABD13D /* Frameworks */,
				6473E9DD2A745D3C00ABD13D /* Resources */,
			);
			buildRules = (
			);
			dependencies = (
				6473E9E12A745D3C00ABD13D /* PBXTargetDependency */,
			);
			name = StockAppUITests;
			productName = StockAppUITests;
			productReference = 6473E9DF2A745D3C00ABD13D /* StockAppUITests.xctest */;
			productType = "com.apple.product-type.bundle.ui-testing";
		};
/* End PBXNativeTarget section */

/* Begin PBXProject section */
		6473E9BD2A745D3600ABD13D /* Project object */ = {
			isa = PBXProject;
			attributes = {
				BuildIndependentTargetsInParallel = 1;
				LastSwiftUpdateCheck = 1430;
				LastUpgradeCheck = 1430;
				TargetAttributes = {
					6473E9C42A745D3600ABD13D = {
						CreatedOnToolsVersion = 14.3.1;
					};
					6473E9D42A745D3B00ABD13D = {
						CreatedOnToolsVersion = 14.3.1;
						TestTargetID = 6473E9C42A745D3600ABD13D;
					};
					6473E9DE2A745D3C00ABD13D = {
						CreatedOnToolsVersion = 14.3.1;
						TestTargetID = 6473E9C42A745D3600ABD13D;
					};
				};
			};
			buildConfigurationList = 6473E9C02A745D3600ABD13D /* Build configuration list for PBXProject "StockApp" */;
			compatibilityVersion = "Xcode 14.0";
			developmentRegion = en;
			hasScannedForEncodings = 0;
			knownRegions = (
				en,
				Base,
			);
			mainGroup = 6473E9BC2A745D3600ABD13D;
			productRefGroup = 6473E9C62A745D3600ABD13D /* Products */;
			projectDirPath = "";
			projectRoot = "";
			targets = (
				6473E9C42A745D3600ABD13D /* StockApp */,
				6473E9D42A745D3B00ABD13D /* StockAppTests */,
				6473E9DE2A745D3C00ABD13D /* StockAppUITests */,
			);
		};
/* End PBXProject section */

/* Begin PBXResourcesBuildPhase section */
		6473E9C32A745D3600ABD13D /* Resources */ = {
			isa = PBXResourcesBuildPhase;
			buildActionMask = 2147483647;
			files = (
				6473E9D02A745D3B00ABD13D /* Preview Assets.xcassets in Resources */,
				6473E9CD2A745D3B00ABD13D /* Assets.xcassets in Resources */,
			);
			runOnlyForDeploymentPostprocessing = 0;
		};
		6473E9D32A745D3B00ABD13D /* Resources */ = {
			isa = PBXResourcesBuildPhase;
			buildActionMask = 2147483647;
			files = (
				6473EA032A7460DF00ABD13D /* getStockAppSuccess.json in Resources */,
				6473EA052A7462B300ABD13D /* getStockAppFail.json in Resources */,
			);
			runOnlyForDeploymentPostprocessing = 0;
		};
		6473E9DD2A745D3C00ABD13D /* Resources */ = {
			isa = PBXResourcesBuildPhase;
			buildActionMask = 2147483647;
			files = (
			);
			runOnlyForDeploymentPostprocessing = 0;
		};
/* End PBXResourcesBuildPhase section */

/* Begin PBXSourcesBuildPhase section */
		6473E9C12A745D3600ABD13D /* Sources */ = {
			isa = PBXSourcesBuildPhase;
			buildActionMask = 2147483647;
			files = (
				6473E9FF2A745EC400ABD13D /* FirstPageView.swift in Sources */,
				6473E9CB2A745D3700ABD13D /* ContentView.swift in Sources */,
				6473E9C92A745D3600ABD13D /* StockAppApp.swift in Sources */,
				64A5885A2A74AB87006154AC /* FirstPageFooterView.swift in Sources */,
				6473EA012A745F8A00ABD13D /* SecondPageView.swift in Sources */,
				6473EA0B2A746D8200ABD13D /* DecodingErrorView.swift in Sources */,
				6473EA092A746A8700ABD13D /* EmptyJsonView.swift in Sources */,
				6473E9F42A745DAC00ABD13D /* Stock.swift in Sources */,
				64A5885C2A74AFEE006154AC /* FirstPageHeaderView.swift in Sources */,
				6473E9FC2A745E8900ABD13D /* StockServerModel.swift in Sources */,
				6473E9F92A745E1100ABD13D /* APIError.swift in Sources */,
				6473E9F62A745DDA00ABD13D /* StockServer.swift in Sources */,
				6473EA072A7468A300ABD13D /* LoadingView.swift in Sources */,
			);
			runOnlyForDeploymentPostprocessing = 0;
		};
		6473E9D12A745D3B00ABD13D /* Sources */ = {
			isa = PBXSourcesBuildPhase;
			buildActionMask = 2147483647;
			files = (
				6473E9DA2A745D3B00ABD13D /* StockAppTests.swift in Sources */,
			);
			runOnlyForDeploymentPostprocessing = 0;
		};
		6473E9DB2A745D3C00ABD13D /* Sources */ = {
			isa = PBXSourcesBuildPhase;
			buildActionMask = 2147483647;
			files = (
				6473E9E62A745D3C00ABD13D /* StockAppUITestsLaunchTests.swift in Sources */,
				6473E9E42A745D3C00ABD13D /* StockAppUITests.swift in Sources */,
			);
			runOnlyForDeploymentPostprocessing = 0;
		};
/* End PBXSourcesBuildPhase section */

/* Begin PBXTargetDependency section */
		6473E9D72A745D3B00ABD13D /* PBXTargetDependency */ = {
			isa = PBXTargetDependency;
			target = 6473E9C42A745D3600ABD13D /* StockApp */;
			targetProxy = 6473E9D62A745D3B00ABD13D /* PBXContainerItemProxy */;
		};
		6473E9E12A745D3C00ABD13D /* PBXTargetDependency */ = {
			isa = PBXTargetDependency;
			target = 6473E9C42A745D3600ABD13D /* StockApp */;
			targetProxy = 6473E9E02A745D3C00ABD13D /* PBXContainerItemProxy */;
		};
/* End PBXTargetDependency section */

/* Begin XCBuildConfiguration section */
		6473E9E72A745D3C00ABD13D /* Debug */ = {
			isa = XCBuildConfiguration;
			buildSettings = {
				ALWAYS_SEARCH_USER_PATHS = NO;
				CLANG_ANALYZER_NONNULL = YES;
				CLANG_ANALYZER_NUMBER_OBJECT_CONVERSION = YES_AGGRESSIVE;
				CLANG_CXX_LANGUAGE_STANDARD = "gnu++20";
				CLANG_ENABLE_MODULES = YES;
				CLANG_ENABLE_OBJC_ARC = YES;
				CLANG_ENABLE_OBJC_WEAK = YES;
				CLANG_WARN_BLOCK_CAPTURE_AUTORELEASING = YES;
				CLANG_WARN_BOOL_CONVERSION = YES;
				CLANG_WARN_COMMA = YES;
				CLANG_WARN_CONSTANT_CONVERSION = YES;
				CLANG_WARN_DEPRECATED_OBJC_IMPLEMENTATIONS = YES;
				CLANG_WARN_DIRECT_OBJC_ISA_USAGE = YES_ERROR;
				CLANG_WARN_DOCUMENTATION_COMMENTS = YES;
				CLANG_WARN_EMPTY_BODY = YES;
				CLANG_WARN_ENUM_CONVERSION = YES;
				CLANG_WARN_INFINITE_RECURSION = YES;
				CLANG_WARN_INT_CONVERSION = YES;
				CLANG_WARN_NON_LITERAL_NULL_CONVERSION = YES;
				CLANG_WARN_OBJC_IMPLICIT_RETAIN_SELF = YES;
				CLANG_WARN_OBJC_LITERAL_CONVERSION = YES;
				CLANG_WARN_OBJC_ROOT_CLASS = YES_ERROR;
				CLANG_WARN_QUOTED_INCLUDE_IN_FRAMEWORK_HEADER = YES;
				CLANG_WARN_RANGE_LOOP_ANALYSIS = YES;
				CLANG_WARN_STRICT_PROTOTYPES = YES;
				CLANG_WARN_SUSPICIOUS_MOVE = YES;
				CLANG_WARN_UNGUARDED_AVAILABILITY = YES_AGGRESSIVE;
				CLANG_WARN_UNREACHABLE_CODE = YES;
				CLANG_WARN__DUPLICATE_METHOD_MATCH = YES;
				COPY_PHASE_STRIP = NO;
				DEBUG_INFORMATION_FORMAT = dwarf;
				ENABLE_STRICT_OBJC_MSGSEND = YES;
				ENABLE_TESTABILITY = YES;
				GCC_C_LANGUAGE_STANDARD = gnu11;
				GCC_DYNAMIC_NO_PIC = NO;
				GCC_NO_COMMON_BLOCKS = YES;
				GCC_OPTIMIZATION_LEVEL = 0;
				GCC_PREPROCESSOR_DEFINITIONS = (
					"DEBUG=1",
					"$(inherited)",
				);
				GCC_WARN_64_TO_32_BIT_CONVERSION = YES;
				GCC_WARN_ABOUT_RETURN_TYPE = YES_ERROR;
				GCC_WARN_UNDECLARED_SELECTOR = YES;
				GCC_WARN_UNINITIALIZED_AUTOS = YES_AGGRESSIVE;
				GCC_WARN_UNUSED_FUNCTION = YES;
				GCC_WARN_UNUSED_VARIABLE = YES;
				IPHONEOS_DEPLOYMENT_TARGET = 16.4;
				MTL_ENABLE_DEBUG_INFO = INCLUDE_SOURCE;
				MTL_FAST_MATH = YES;
				ONLY_ACTIVE_ARCH = YES;
				SDKROOT = iphoneos;
				SWIFT_ACTIVE_COMPILATION_CONDITIONS = DEBUG;
				SWIFT_OPTIMIZATION_LEVEL = "-Onone";
			};
			name = Debug;
		};
		6473E9E82A745D3C00ABD13D /* Release */ = {
			isa = XCBuildConfiguration;
			buildSettings = {
				ALWAYS_SEARCH_USER_PATHS = NO;
				CLANG_ANALYZER_NONNULL = YES;
				CLANG_ANALYZER_NUMBER_OBJECT_CONVERSION = YES_AGGRESSIVE;
				CLANG_CXX_LANGUAGE_STANDARD = "gnu++20";
				CLANG_ENABLE_MODULES = YES;
				CLANG_ENABLE_OBJC_ARC = YES;
				CLANG_ENABLE_OBJC_WEAK = YES;
				CLANG_WARN_BLOCK_CAPTURE_AUTORELEASING = YES;
				CLANG_WARN_BOOL_CONVERSION = YES;
				CLANG_WARN_COMMA = YES;
				CLANG_WARN_CONSTANT_CONVERSION = YES;
				CLANG_WARN_DEPRECATED_OBJC_IMPLEMENTATIONS = YES;
				CLANG_WARN_DIRECT_OBJC_ISA_USAGE = YES_ERROR;
				CLANG_WARN_DOCUMENTATION_COMMENTS = YES;
				CLANG_WARN_EMPTY_BODY = YES;
				CLANG_WARN_ENUM_CONVERSION = YES;
				CLANG_WARN_INFINITE_RECURSION = YES;
				CLANG_WARN_INT_CONVERSION = YES;
				CLANG_WARN_NON_LITERAL_NULL_CONVERSION = YES;
				CLANG_WARN_OBJC_IMPLICIT_RETAIN_SELF = YES;
				CLANG_WARN_OBJC_LITERAL_CONVERSION = YES;
				CLANG_WARN_OBJC_ROOT_CLASS = YES_ERROR;
				CLANG_WARN_QUOTED_INCLUDE_IN_FRAMEWORK_HEADER = YES;
				CLANG_WARN_RANGE_LOOP_ANALYSIS = YES;
				CLANG_WARN_STRICT_PROTOTYPES = YES;
				CLANG_WARN_SUSPICIOUS_MOVE = YES;
				CLANG_WARN_UNGUARDED_AVAILABILITY = YES_AGGRESSIVE;
				CLANG_WARN_UNREACHABLE_CODE = YES;
				CLANG_WARN__DUPLICATE_METHOD_MATCH = YES;
				COPY_PHASE_STRIP = NO;
				DEBUG_INFORMATION_FORMAT = "dwarf-with-dsym";
				ENABLE_NS_ASSERTIONS = NO;
				ENABLE_STRICT_OBJC_MSGSEND = YES;
				GCC_C_LANGUAGE_STANDARD = gnu11;
				GCC_NO_COMMON_BLOCKS = YES;
				GCC_WARN_64_TO_32_BIT_CONVERSION = YES;
				GCC_WARN_ABOUT_RETURN_TYPE = YES_ERROR;
				GCC_WARN_UNDECLARED_SELECTOR = YES;
				GCC_WARN_UNINITIALIZED_AUTOS = YES_AGGRESSIVE;
				GCC_WARN_UNUSED_FUNCTION = YES;
				GCC_WARN_UNUSED_VARIABLE = YES;
				IPHONEOS_DEPLOYMENT_TARGET = 16.4;
				MTL_ENABLE_DEBUG_INFO = NO;
				MTL_FAST_MATH = YES;
				SDKROOT = iphoneos;
				SWIFT_COMPILATION_MODE = wholemodule;
				SWIFT_OPTIMIZATION_LEVEL = "-O";
				VALIDATE_PRODUCT = YES;
			};
			name = Release;
		};
		6473E9EA2A745D3C00ABD13D /* Debug */ = {
			isa = XCBuildConfiguration;
			buildSettings = {
				ASSETCATALOG_COMPILER_APPICON_NAME = AppIcon;
				ASSETCATALOG_COMPILER_GLOBAL_ACCENT_COLOR_NAME = AccentColor;
				CODE_SIGN_STYLE = Automatic;
				CURRENT_PROJECT_VERSION = 1;
				DEVELOPMENT_ASSET_PATHS = "\"StockApp/Preview Content\"";
				DEVELOPMENT_TEAM = 85VBBM95CJ;
				ENABLE_PREVIEWS = YES;
				GENERATE_INFOPLIST_FILE = YES;
				INFOPLIST_KEY_UIApplicationSceneManifest_Generation = YES;
				INFOPLIST_KEY_UIApplicationSupportsIndirectInputEvents = YES;
				INFOPLIST_KEY_UILaunchScreen_Generation = YES;
				INFOPLIST_KEY_UISupportedInterfaceOrientations_iPad = "UIInterfaceOrientationPortrait UIInterfaceOrientationPortraitUpsideDown UIInterfaceOrientationLandscapeLeft UIInterfaceOrientationLandscapeRight";
				INFOPLIST_KEY_UISupportedInterfaceOrientations_iPhone = "UIInterfaceOrientationPortrait UIInterfaceOrientationLandscapeLeft UIInterfaceOrientationLandscapeRight";
				LD_RUNPATH_SEARCH_PATHS = (
					"$(inherited)",
					"@executable_path/Frameworks",
				);
				MARKETING_VERSION = 1.0;
				PRODUCT_BUNDLE_IDENTIFIER = n.StockApp;
				PRODUCT_NAME = "$(TARGET_NAME)";
				SWIFT_EMIT_LOC_STRINGS = YES;
				SWIFT_VERSION = 5.0;
				TARGETED_DEVICE_FAMILY = "1,2";
			};
			name = Debug;
		};
		6473E9EB2A745D3C00ABD13D /* Release */ = {
			isa = XCBuildConfiguration;
			buildSettings = {
				ASSETCATALOG_COMPILER_APPICON_NAME = AppIcon;
				ASSETCATALOG_COMPILER_GLOBAL_ACCENT_COLOR_NAME = AccentColor;
				CODE_SIGN_STYLE = Automatic;
				CURRENT_PROJECT_VERSION = 1;
				DEVELOPMENT_ASSET_PATHS = "\"StockApp/Preview Content\"";
				DEVELOPMENT_TEAM = 85VBBM95CJ;
				ENABLE_PREVIEWS = YES;
				GENERATE_INFOPLIST_FILE = YES;
				INFOPLIST_KEY_UIApplicationSceneManifest_Generation = YES;
				INFOPLIST_KEY_UIApplicationSupportsIndirectInputEvents = YES;
				INFOPLIST_KEY_UILaunchScreen_Generation = YES;
				INFOPLIST_KEY_UISupportedInterfaceOrientations_iPad = "UIInterfaceOrientationPortrait UIInterfaceOrientationPortraitUpsideDown UIInterfaceOrientationLandscapeLeft UIInterfaceOrientationLandscapeRight";
				INFOPLIST_KEY_UISupportedInterfaceOrientations_iPhone = "UIInterfaceOrientationPortrait UIInterfaceOrientationLandscapeLeft UIInterfaceOrientationLandscapeRight";
				LD_RUNPATH_SEARCH_PATHS = (
					"$(inherited)",
					"@executable_path/Frameworks",
				);
				MARKETING_VERSION = 1.0;
				PRODUCT_BUNDLE_IDENTIFIER = n.StockApp;
				PRODUCT_NAME = "$(TARGET_NAME)";
				SWIFT_EMIT_LOC_STRINGS = YES;
				SWIFT_VERSION = 5.0;
				TARGETED_DEVICE_FAMILY = "1,2";
			};
			name = Release;
		};
		6473E9ED2A745D3C00ABD13D /* Debug */ = {
			isa = XCBuildConfiguration;
			buildSettings = {
				ALWAYS_EMBED_SWIFT_STANDARD_LIBRARIES = YES;
				BUNDLE_LOADER = "$(TEST_HOST)";
				CODE_SIGN_STYLE = Automatic;
				CURRENT_PROJECT_VERSION = 1;
				DEVELOPMENT_TEAM = 85VBBM95CJ;
				GENERATE_INFOPLIST_FILE = YES;
				IPHONEOS_DEPLOYMENT_TARGET = 16.4;
				MARKETING_VERSION = 1.0;
				PRODUCT_BUNDLE_IDENTIFIER = n.StockAppTests;
				PRODUCT_NAME = "$(TARGET_NAME)";
				SWIFT_EMIT_LOC_STRINGS = NO;
				SWIFT_VERSION = 5.0;
				TARGETED_DEVICE_FAMILY = "1,2";
				TEST_HOST = "$(BUILT_PRODUCTS_DIR)/StockApp.app/$(BUNDLE_EXECUTABLE_FOLDER_PATH)/StockApp";
			};
			name = Debug;
		};
		6473E9EE2A745D3C00ABD13D /* Release */ = {
			isa = XCBuildConfiguration;
			buildSettings = {
				ALWAYS_EMBED_SWIFT_STANDARD_LIBRARIES = YES;
				BUNDLE_LOADER = "$(TEST_HOST)";
				CODE_SIGN_STYLE = Automatic;
				CURRENT_PROJECT_VERSION = 1;
				DEVELOPMENT_TEAM = 85VBBM95CJ;
				GENERATE_INFOPLIST_FILE = YES;
				IPHONEOS_DEPLOYMENT_TARGET = 16.4;
				MARKETING_VERSION = 1.0;
				PRODUCT_BUNDLE_IDENTIFIER = n.StockAppTests;
				PRODUCT_NAME = "$(TARGET_NAME)";
				SWIFT_EMIT_LOC_STRINGS = NO;
				SWIFT_VERSION = 5.0;
				TARGETED_DEVICE_FAMILY = "1,2";
				TEST_HOST = "$(BUILT_PRODUCTS_DIR)/StockApp.app/$(BUNDLE_EXECUTABLE_FOLDER_PATH)/StockApp";
			};
			name = Release;
		};
		6473E9F02A745D3C00ABD13D /* Debug */ = {
			isa = XCBuildConfiguration;
			buildSettings = {
				ALWAYS_EMBED_SWIFT_STANDARD_LIBRARIES = YES;
				CODE_SIGN_STYLE = Automatic;
				CURRENT_PROJECT_VERSION = 1;
				DEVELOPMENT_TEAM = 85VBBM95CJ;
				GENERATE_INFOPLIST_FILE = YES;
				MARKETING_VERSION = 1.0;
				PRODUCT_BUNDLE_IDENTIFIER = n.StockAppUITests;
				PRODUCT_NAME = "$(TARGET_NAME)";
				SWIFT_EMIT_LOC_STRINGS = NO;
				SWIFT_VERSION = 5.0;
				TARGETED_DEVICE_FAMILY = "1,2";
				TEST_TARGET_NAME = StockApp;
			};
			name = Debug;
		};
		6473E9F12A745D3C00ABD13D /* Release */ = {
			isa = XCBuildConfiguration;
			buildSettings = {
				ALWAYS_EMBED_SWIFT_STANDARD_LIBRARIES = YES;
				CODE_SIGN_STYLE = Automatic;
				CURRENT_PROJECT_VERSION = 1;
				DEVELOPMENT_TEAM = 85VBBM95CJ;
				GENERATE_INFOPLIST_FILE = YES;
				MARKETING_VERSION = 1.0;
				PRODUCT_BUNDLE_IDENTIFIER = n.StockAppUITests;
				PRODUCT_NAME = "$(TARGET_NAME)";
				SWIFT_EMIT_LOC_STRINGS = NO;
				SWIFT_VERSION = 5.0;
				TARGETED_DEVICE_FAMILY = "1,2";
				TEST_TARGET_NAME = StockApp;
			};
			name = Release;
		};
/* End XCBuildConfiguration section */

/* Begin XCConfigurationList section */
		6473E9C02A745D3600ABD13D /* Build configuration list for PBXProject "StockApp" */ = {
			isa = XCConfigurationList;
			buildConfigurations = (
				6473E9E72A745D3C00ABD13D /* Debug */,
				6473E9E82A745D3C00ABD13D /* Release */,
			);
			defaultConfigurationIsVisible = 0;
			defaultConfigurationName = Release;
		};
		6473E9E92A745D3C00ABD13D /* Build configuration list for PBXNativeTarget "StockApp" */ = {
			isa = XCConfigurationList;
			buildConfigurations = (
				6473E9EA2A745D3C00ABD13D /* Debug */,
				6473E9EB2A745D3C00ABD13D /* Release */,
			);
			defaultConfigurationIsVisible = 0;
			defaultConfigurationName = Release;
		};
		6473E9EC2A745D3C00ABD13D /* Build configuration list for PBXNativeTarget "StockAppTests" */ = {
			isa = XCConfigurationList;
			buildConfigurations = (
				6473E9ED2A745D3C00ABD13D /* Debug */,
				6473E9EE2A745D3C00ABD13D /* Release */,
			);
			defaultConfigurationIsVisible = 0;
			defaultConfigurationName = Release;
		};
		6473E9EF2A745D3C00ABD13D /* Build configuration list for PBXNativeTarget "StockAppUITests" */ = {
			isa = XCConfigurationList;
			buildConfigurations = (
				6473E9F02A745D3C00ABD13D /* Debug */,
				6473E9F12A745D3C00ABD13D /* Release */,
			);
			defaultConfigurationIsVisible = 0;
			defaultConfigurationName = Release;
		};
/* End XCConfigurationList section */
	};
	rootObject = 6473E9BD2A745D3600ABD13D /* Project object */;
}
